// !$*UTF8*$!
{
	archiveVersion = 1;
	classes = {
	};
	objectVersion = 51;
	objects = {

/* Begin PBXBuildFile section */
		345BED7823B8FFC800AE7F9A /* WeatherTableViewCell.xib in Resources */ = {isa = PBXBuildFile; fileRef = 345BED7723B8FFC800AE7F9A /* WeatherTableViewCell.xib */; };
		345BED7B23B902C400AE7F9A /* RequestHelper.swift in Sources */ = {isa = PBXBuildFile; fileRef = 345BED7A23B902C400AE7F9A /* RequestHelper.swift */; };
		34CD633423B8E4410016CDBF /* WeatherTableViewCell.swift in Sources */ = {isa = PBXBuildFile; fileRef = 34CD633223B8E4410016CDBF /* WeatherTableViewCell.swift */; };
		34CD633723B8E71C0016CDBF /* CellModel.swift in Sources */ = {isa = PBXBuildFile; fileRef = 34CD633623B8E71C0016CDBF /* CellModel.swift */; };
		34CD633923B8ED580016CDBF /* WeatherViewController.swift in Sources */ = {isa = PBXBuildFile; fileRef = 34CD633823B8ED580016CDBF /* WeatherViewController.swift */; };
		34F6CEC423B77C3F004019F7 /* AppDelegate.swift in Sources */ = {isa = PBXBuildFile; fileRef = 34F6CEC323B77C3F004019F7 /* AppDelegate.swift */; };
		34F6CEC623B77C3F004019F7 /* ViewController.swift in Sources */ = {isa = PBXBuildFile; fileRef = 34F6CEC523B77C3F004019F7 /* ViewController.swift */; };
		34F6CEC923B77C3F004019F7 /* Main.storyboard in Resources */ = {isa = PBXBuildFile; fileRef = 34F6CEC723B77C3F004019F7 /* Main.storyboard */; };
		34F6CECB23B77C40004019F7 /* Assets.xcassets in Resources */ = {isa = PBXBuildFile; fileRef = 34F6CECA23B77C40004019F7 /* Assets.xcassets */; };
		34F6CECE23B77C40004019F7 /* LaunchScreen.storyboard in Resources */ = {isa = PBXBuildFile; fileRef = 34F6CECC23B77C40004019F7 /* LaunchScreen.storyboard */; };
		69215E1913F9540071E1CDEF /* Pods_ClimaNjaro.framework in Frameworks */ = {isa = PBXBuildFile; fileRef = 04585B51854F33A7AFE5D51A /* Pods_ClimaNjaro.framework */; };
/* End PBXBuildFile section */

/* Begin PBXFileReference section */
		04585B51854F33A7AFE5D51A /* Pods_ClimaNjaro.framework */ = {isa = PBXFileReference; explicitFileType = wrapper.framework; includeInIndex = 0; path = Pods_ClimaNjaro.framework; sourceTree = BUILT_PRODUCTS_DIR; };
		345BED7723B8FFC800AE7F9A /* WeatherTableViewCell.xib */ = {isa = PBXFileReference; fileEncoding = 4; lastKnownFileType = file.xib; path = WeatherTableViewCell.xib; sourceTree = "<group>"; };
		345BED7A23B902C400AE7F9A /* RequestHelper.swift */ = {isa = PBXFileReference; lastKnownFileType = sourcecode.swift; path = RequestHelper.swift; sourceTree = "<group>"; };
		34CD633223B8E4410016CDBF /* WeatherTableViewCell.swift */ = {isa = PBXFileReference; lastKnownFileType = sourcecode.swift; path = WeatherTableViewCell.swift; sourceTree = "<group>"; };
		34CD633623B8E71C0016CDBF /* CellModel.swift */ = {isa = PBXFileReference; lastKnownFileType = sourcecode.swift; path = CellModel.swift; sourceTree = "<group>"; };
		34CD633823B8ED580016CDBF /* WeatherViewController.swift */ = {isa = PBXFileReference; lastKnownFileType = sourcecode.swift; path = WeatherViewController.swift; sourceTree = "<group>"; };
		34F6CEC023B77C3F004019F7 /* ClimaNjaro.app */ = {isa = PBXFileReference; explicitFileType = wrapper.application; includeInIndex = 0; path = ClimaNjaro.app; sourceTree = BUILT_PRODUCTS_DIR; };
		34F6CEC323B77C3F004019F7 /* AppDelegate.swift */ = {isa = PBXFileReference; lastKnownFileType = sourcecode.swift; path = AppDelegate.swift; sourceTree = "<group>"; };
		34F6CEC523B77C3F004019F7 /* ViewController.swift */ = {isa = PBXFileReference; lastKnownFileType = sourcecode.swift; path = ViewController.swift; sourceTree = "<group>"; };
		34F6CEC823B77C3F004019F7 /* Base */ = {isa = PBXFileReference; lastKnownFileType = file.storyboard; name = Base; path = Base.lproj/Main.storyboard; sourceTree = "<group>"; };
		34F6CECA23B77C40004019F7 /* Assets.xcassets */ = {isa = PBXFileReference; lastKnownFileType = folder.assetcatalog; path = Assets.xcassets; sourceTree = "<group>"; };
		34F6CECD23B77C40004019F7 /* Base */ = {isa = PBXFileReference; lastKnownFileType = file.storyboard; name = Base; path = Base.lproj/LaunchScreen.storyboard; sourceTree = "<group>"; };
		34F6CECF23B77C40004019F7 /* Info.plist */ = {isa = PBXFileReference; lastKnownFileType = text.plist.xml; path = Info.plist; sourceTree = "<group>"; };
		AE4DE82C3B69E6559F1145D6 /* Pods-ClimaNjaro.debug.xcconfig */ = {isa = PBXFileReference; includeInIndex = 1; lastKnownFileType = text.xcconfig; name = "Pods-ClimaNjaro.debug.xcconfig"; path = "Target Support Files/Pods-ClimaNjaro/Pods-ClimaNjaro.debug.xcconfig"; sourceTree = "<group>"; };
		D55F62F3E983486BB4798348 /* Pods-ClimaNjaro.release.xcconfig */ = {isa = PBXFileReference; includeInIndex = 1; lastKnownFileType = text.xcconfig; name = "Pods-ClimaNjaro.release.xcconfig"; path = "Target Support Files/Pods-ClimaNjaro/Pods-ClimaNjaro.release.xcconfig"; sourceTree = "<group>"; };
/* End PBXFileReference section */

/* Begin PBXFrameworksBuildPhase section */
		34F6CEBD23B77C3F004019F7 /* Frameworks */ = {
			isa = PBXFrameworksBuildPhase;
			buildActionMask = 2147483647;
			files = (
				69215E1913F9540071E1CDEF /* Pods_ClimaNjaro.framework in Frameworks */,
			);
			runOnlyForDeploymentPostprocessing = 0;
		};
/* End PBXFrameworksBuildPhase section */

/* Begin PBXGroup section */
		0F6C5535CC0416ABEDD56BB2 /* Frameworks */ = {
			isa = PBXGroup;
			children = (
				04585B51854F33A7AFE5D51A /* Pods_ClimaNjaro.framework */,
			);
			name = Frameworks;
			sourceTree = "<group>";
		};
		345BED7923B902A800AE7F9A /* RequestHelper */ = {
			isa = PBXGroup;
			children = (
				345BED7A23B902C400AE7F9A /* RequestHelper.swift */,
			);
			path = RequestHelper;
			sourceTree = "<group>";
		};
		34CD632F23B8E3ED0016CDBF /* WeatherTableView */ = {
			isa = PBXGroup;
			children = (
				34CD633223B8E4410016CDBF /* WeatherTableViewCell.swift */,
				345BED7723B8FFC800AE7F9A /* WeatherTableViewCell.xib */,
			);
			path = WeatherTableView;
			sourceTree = "<group>";
		};
		34F6CEB723B77C3F004019F7 = {
			isa = PBXGroup;
			children = (
				34F6CEC223B77C3F004019F7 /* ClimaNjaro */,
				34F6CEC123B77C3F004019F7 /* Products */,
				D5BF29FC23D4F2C870F5D0DD /* Pods */,
				0F6C5535CC0416ABEDD56BB2 /* Frameworks */,
			);
			sourceTree = "<group>";
		};
		34F6CEC123B77C3F004019F7 /* Products */ = {
			isa = PBXGroup;
			children = (
				34F6CEC023B77C3F004019F7 /* ClimaNjaro.app */,
			);
			name = Products;
			sourceTree = "<group>";
		};
		34F6CEC223B77C3F004019F7 /* ClimaNjaro */ = {
			isa = PBXGroup;
			children = (
				34FF112623B80F3A00895DED /* Supporting Files */,
				34FF112523B80F3200895DED /* Model */,
				34FF112323B80F1E00895DED /* Controller */,
				34FF112423B80F2700895DED /* View */,
			);
			path = ClimaNjaro;
			sourceTree = "<group>";
		};
		34FF112323B80F1E00895DED /* Controller */ = {
			isa = PBXGroup;
			children = (
				345BED7923B902A800AE7F9A /* RequestHelper */,
				34CD632F23B8E3ED0016CDBF /* WeatherTableView */,
				34F6CEC523B77C3F004019F7 /* ViewController.swift */,
				34CD633823B8ED580016CDBF /* WeatherViewController.swift */,
			);
			path = Controller;
			sourceTree = "<group>";
		};
		34FF112423B80F2700895DED /* View */ = {
			isa = PBXGroup;
			children = (
				34F6CEC723B77C3F004019F7 /* Main.storyboard */,
			);
			path = View;
			sourceTree = "<group>";
		};
		34FF112523B80F3200895DED /* Model */ = {
			isa = PBXGroup;
			children = (
				34CD633623B8E71C0016CDBF /* CellModel.swift */,
			);
			path = Model;
			sourceTree = "<group>";
		};
		34FF112623B80F3A00895DED /* Supporting Files */ = {
			isa = PBXGroup;
			children = (
				34F6CEC323B77C3F004019F7 /* AppDelegate.swift */,
				34F6CECA23B77C40004019F7 /* Assets.xcassets */,
				34F6CECC23B77C40004019F7 /* LaunchScreen.storyboard */,
				34F6CECF23B77C40004019F7 /* Info.plist */,
			);
			path = "Supporting Files";
			sourceTree = "<group>";
		};
		D5BF29FC23D4F2C870F5D0DD /* Pods */ = {
			isa = PBXGroup;
			children = (
				AE4DE82C3B69E6559F1145D6 /* Pods-ClimaNjaro.debug.xcconfig */,
				D55F62F3E983486BB4798348 /* Pods-ClimaNjaro.release.xcconfig */,
			);
			path = Pods;
			sourceTree = "<group>";
		};
/* End PBXGroup section */

/* Begin PBXNativeTarget section */
		34F6CEBF23B77C3F004019F7 /* ClimaNjaro */ = {
			isa = PBXNativeTarget;
			buildConfigurationList = 34F6CED223B77C40004019F7 /* Build configuration list for PBXNativeTarget "ClimaNjaro" */;
			buildPhases = (
				447648F7920BB9BA3DC46A03 /* [CP] Check Pods Manifest.lock */,
				34F6CEBC23B77C3F004019F7 /* Sources */,
				34F6CEBD23B77C3F004019F7 /* Frameworks */,
				34F6CEBE23B77C3F004019F7 /* Resources */,
				B22C68BDDA378AB4ED80C11E /* [CP] Embed Pods Frameworks */,
			);
			buildRules = (
			);
			dependencies = (
			);
			name = ClimaNjaro;
			productName = ClimaNjaro;
			productReference = 34F6CEC023B77C3F004019F7 /* ClimaNjaro.app */;
			productType = "com.apple.product-type.application";
		};
/* End PBXNativeTarget section */

/* Begin PBXProject section */
		34F6CEB823B77C3F004019F7 /* Project object */ = {
			isa = PBXProject;
			attributes = {
				LastSwiftUpdateCheck = 1030;
				LastUpgradeCheck = 1030;
				ORGANIZATIONNAME = "Hüsamettin  Eyibil";
				TargetAttributes = {
					34F6CEBF23B77C3F004019F7 = {
						CreatedOnToolsVersion = 10.3;
					};
				};
			};
			buildConfigurationList = 34F6CEBB23B77C3F004019F7 /* Build configuration list for PBXProject "ClimaNjaro" */;
			compatibilityVersion = "Xcode 9.3";
			developmentRegion = en;
			hasScannedForEncodings = 0;
			knownRegions = (
				en,
				Base,
			);
			mainGroup = 34F6CEB723B77C3F004019F7;
			productRefGroup = 34F6CEC123B77C3F004019F7 /* Products */;
			projectDirPath = "";
			projectRoot = "";
			targets = (
				34F6CEBF23B77C3F004019F7 /* ClimaNjaro */,
			);
		};
/* End PBXProject section */

/* Begin PBXResourcesBuildPhase section */
		34F6CEBE23B77C3F004019F7 /* Resources */ = {
			isa = PBXResourcesBuildPhase;
			buildActionMask = 2147483647;
			files = (
				345BED7823B8FFC800AE7F9A /* WeatherTableViewCell.xib in Resources */,
				34F6CECE23B77C40004019F7 /* LaunchScreen.storyboard in Resources */,
				34F6CECB23B77C40004019F7 /* Assets.xcassets in Resources */,
				34F6CEC923B77C3F004019F7 /* Main.storyboard in Resources */,
			);
			runOnlyForDeploymentPostprocessing = 0;
		};
/* End PBXResourcesBuildPhase section */

/* Begin PBXShellScriptBuildPhase section */
		447648F7920BB9BA3DC46A03 /* [CP] Check Pods Manifest.lock */ = {
			isa = PBXShellScriptBuildPhase;
			buildActionMask = 2147483647;
			files = (
			);
			inputFileListPaths = (
			);
			inputPaths = (
				"${PODS_PODFILE_DIR_PATH}/Podfile.lock",
				"${PODS_ROOT}/Manifest.lock",
			);
			name = "[CP] Check Pods Manifest.lock";
			outputFileListPaths = (
			);
			outputPaths = (
				"$(DERIVED_FILE_DIR)/Pods-ClimaNjaro-checkManifestLockResult.txt",
			);
			runOnlyForDeploymentPostprocessing = 0;
			shellPath = /bin/sh;
			shellScript = "diff \"${PODS_PODFILE_DIR_PATH}/Podfile.lock\" \"${PODS_ROOT}/Manifest.lock\" > /dev/null\nif [ $? != 0 ] ; then\n    # print error to STDERR\n    echo \"error: The sandbox is not in sync with the Podfile.lock. Run 'pod install' or update your CocoaPods installation.\" >&2\n    exit 1\nfi\n# This output is used by Xcode 'outputs' to avoid re-running this script phase.\necho \"SUCCESS\" > \"${SCRIPT_OUTPUT_FILE_0}\"\n";
			showEnvVarsInLog = 0;
		};
		B22C68BDDA378AB4ED80C11E /* [CP] Embed Pods Frameworks */ = {
			isa = PBXShellScriptBuildPhase;
			buildActionMask = 2147483647;
			files = (
			);
			inputFileListPaths = (
				"${PODS_ROOT}/Target Support Files/Pods-ClimaNjaro/Pods-ClimaNjaro-frameworks-${CONFIGURATION}-input-files.xcfilelist",
			);
			name = "[CP] Embed Pods Frameworks";
			outputFileListPaths = (
				"${PODS_ROOT}/Target Support Files/Pods-ClimaNjaro/Pods-ClimaNjaro-frameworks-${CONFIGURATION}-output-files.xcfilelist",
			);
			runOnlyForDeploymentPostprocessing = 0;
			shellPath = /bin/sh;
			shellScript = "\"${PODS_ROOT}/Target Support Files/Pods-ClimaNjaro/Pods-ClimaNjaro-frameworks.sh\"\n";
			showEnvVarsInLog = 0;
		};
/* End PBXShellScriptBuildPhase section */

/* Begin PBXSourcesBuildPhase section */
		34F6CEBC23B77C3F004019F7 /* Sources */ = {
			isa = PBXSourcesBuildPhase;
			buildActionMask = 2147483647;
			files = (
				34CD633723B8E71C0016CDBF /* CellModel.swift in Sources */,
				34CD633923B8ED580016CDBF /* WeatherViewController.swift in Sources */,
				34CD633423B8E4410016CDBF /* WeatherTableViewCell.swift in Sources */,
				345BED7B23B902C400AE7F9A /* RequestHelper.swift in Sources */,
				34F6CEC623B77C3F004019F7 /* ViewController.swift in Sources */,
				34F6CEC423B77C3F004019F7 /* AppDelegate.swift in Sources */,
			);
			runOnlyForDeploymentPostprocessing = 0;
		};
/* End PBXSourcesBuildPhase section */

/* Begin PBXVariantGroup section */
		34F6CEC723B77C3F004019F7 /* Main.storyboard */ = {
			isa = PBXVariantGroup;
			children = (
				34F6CEC823B77C3F004019F7 /* Base */,
			);
			name = Main.storyboard;
			sourceTree = "<group>";
		};
		34F6CECC23B77C40004019F7 /* LaunchScreen.storyboard */ = {
			isa = PBXVariantGroup;
			children = (
				34F6CECD23B77C40004019F7 /* Base */,
			);
			name = LaunchScreen.storyboard;
			sourceTree = "<group>";
		};
/* End PBXVariantGroup section */

/* Begin XCBuildConfiguration section */
		34F6CED023B77C40004019F7 /* Debug */ = {
			isa = XCBuildConfiguration;
			buildSettings = {
				ALWAYS_SEARCH_USER_PATHS = NO;
				CLANG_ANALYZER_NONNULL = YES;
				CLANG_ANALYZER_NUMBER_OBJECT_CONVERSION = YES_AGGRESSIVE;
				CLANG_CXX_LANGUAGE_STANDARD = "gnu++14";
				CLANG_CXX_LIBRARY = "libc++";
				CLANG_ENABLE_MODULES = YES;
				CLANG_ENABLE_OBJC_ARC = YES;
				CLANG_ENABLE_OBJC_WEAK = YES;
				CLANG_WARN_BLOCK_CAPTURE_AUTORELEASING = YES;
				CLANG_WARN_BOOL_CONVERSION = YES;
				CLANG_WARN_COMMA = YES;
				CLANG_WARN_CONSTANT_CONVERSION = YES;
				CLANG_WARN_DEPRECATED_OBJC_IMPLEMENTATIONS = YES;
				CLANG_WARN_DIRECT_OBJC_ISA_USAGE = YES_ERROR;
				CLANG_WARN_DOCUMENTATION_COMMENTS = YES;
				CLANG_WARN_EMPTY_BODY = YES;
				CLANG_WARN_ENUM_CONVERSION = YES;
				CLANG_WARN_INFINITE_RECURSION = YES;
				CLANG_WARN_INT_CONVERSION = YES;
				CLANG_WARN_NON_LITERAL_NULL_CONVERSION = YES;
				CLANG_WARN_OBJC_IMPLICIT_RETAIN_SELF = YES;
				CLANG_WARN_OBJC_LITERAL_CONVERSION = YES;
				CLANG_WARN_OBJC_ROOT_CLASS = YES_ERROR;
				CLANG_WARN_RANGE_LOOP_ANALYSIS = YES;
				CLANG_WARN_STRICT_PROTOTYPES = YES;
				CLANG_WARN_SUSPICIOUS_MOVE = YES;
				CLANG_WARN_UNGUARDED_AVAILABILITY = YES_AGGRESSIVE;
				CLANG_WARN_UNREACHABLE_CODE = YES;
				CLANG_WARN__DUPLICATE_METHOD_MATCH = YES;
				CODE_SIGN_IDENTITY = "iPhone Developer";
				COPY_PHASE_STRIP = NO;
				DEBUG_INFORMATION_FORMAT = dwarf;
				ENABLE_STRICT_OBJC_MSGSEND = YES;
				ENABLE_TESTABILITY = YES;
				GCC_C_LANGUAGE_STANDARD = gnu11;
				GCC_DYNAMIC_NO_PIC = NO;
				GCC_NO_COMMON_BLOCKS = YES;
				GCC_OPTIMIZATION_LEVEL = 0;
				GCC_PREPROCESSOR_DEFINITIONS = (
					"DEBUG=1",
					"$(inherited)",
				);
				GCC_WARN_64_TO_32_BIT_CONVERSION = YES;
				GCC_WARN_ABOUT_RETURN_TYPE = YES_ERROR;
				GCC_WARN_UNDECLARED_SELECTOR = YES;
				GCC_WARN_UNINITIALIZED_AUTOS = YES_AGGRESSIVE;
				GCC_WARN_UNUSED_FUNCTION = YES;
				GCC_WARN_UNUSED_VARIABLE = YES;
				IPHONEOS_DEPLOYMENT_TARGET = 12.4;
				MTL_ENABLE_DEBUG_INFO = INCLUDE_SOURCE;
				MTL_FAST_MATH = YES;
				ONLY_ACTIVE_ARCH = YES;
				SDKROOT = iphoneos;
				SWIFT_ACTIVE_COMPILATION_CONDITIONS = DEBUG;
				SWIFT_OPTIMIZATION_LEVEL = "-Onone";
			};
			name = Debug;
		};
		34F6CED123B77C40004019F7 /* Release */ = {
			isa = XCBuildConfiguration;
			buildSettings = {
				ALWAYS_SEARCH_USER_PATHS = NO;
				CLANG_ANALYZER_NONNULL = YES;
				CLANG_ANALYZER_NUMBER_OBJECT_CONVERSION = YES_AGGRESSIVE;
				CLANG_CXX_LANGUAGE_STANDARD = "gnu++14";
				CLANG_CXX_LIBRARY = "libc++";
				CLANG_ENABLE_MODULES = YES;
				CLANG_ENABLE_OBJC_ARC = YES;
				CLANG_ENABLE_OBJC_WEAK = YES;
				CLANG_WARN_BLOCK_CAPTURE_AUTORELEASING = YES;
				CLANG_WARN_BOOL_CONVERSION = YES;
				CLANG_WARN_COMMA = YES;
				CLANG_WARN_CONSTANT_CONVERSION = YES;
				CLANG_WARN_DEPRECATED_OBJC_IMPLEMENTATIONS = YES;
				CLANG_WARN_DIRECT_OBJC_ISA_USAGE = YES_ERROR;
				CLANG_WARN_DOCUMENTATION_COMMENTS = YES;
				CLANG_WARN_EMPTY_BODY = YES;
				CLANG_WARN_ENUM_CONVERSION = YES;
				CLANG_WARN_INFINITE_RECURSION = YES;
				CLANG_WARN_INT_CONVERSION = YES;
				CLANG_WARN_NON_LITERAL_NULL_CONVERSION = YES;
				CLANG_WARN_OBJC_IMPLICIT_RETAIN_SELF = YES;
				CLANG_WARN_OBJC_LITERAL_CONVERSION = YES;
				CLANG_WARN_OBJC_ROOT_CLASS = YES_ERROR;
				CLANG_WARN_RANGE_LOOP_ANALYSIS = YES;
				CLANG_WARN_STRICT_PROTOTYPES = YES;
				CLANG_WARN_SUSPICIOUS_MOVE = YES;
				CLANG_WARN_UNGUARDED_AVAILABILITY = YES_AGGRESSIVE;
				CLANG_WARN_UNREACHABLE_CODE = YES;
				CLANG_WARN__DUPLICATE_METHOD_MATCH = YES;
				CODE_SIGN_IDENTITY = "iPhone Developer";
				COPY_PHASE_STRIP = NO;
				DEBUG_INFORMATION_FORMAT = "dwarf-with-dsym";
				ENABLE_NS_ASSERTIONS = NO;
				ENABLE_STRICT_OBJC_MSGSEND = YES;
				GCC_C_LANGUAGE_STANDARD = gnu11;
				GCC_NO_COMMON_BLOCKS = YES;
				GCC_WARN_64_TO_32_BIT_CONVERSION = YES;
				GCC_WARN_ABOUT_RETURN_TYPE = YES_ERROR;
				GCC_WARN_UNDECLARED_SELECTOR = YES;
				GCC_WARN_UNINITIALIZED_AUTOS = YES_AGGRESSIVE;
				GCC_WARN_UNUSED_FUNCTION = YES;
				GCC_WARN_UNUSED_VARIABLE = YES;
				IPHONEOS_DEPLOYMENT_TARGET = 12.4;
				MTL_ENABLE_DEBUG_INFO = NO;
				MTL_FAST_MATH = YES;
				SDKROOT = iphoneos;
				SWIFT_COMPILATION_MODE = wholemodule;
				SWIFT_OPTIMIZATION_LEVEL = "-O";
				VALIDATE_PRODUCT = YES;
			};
			name = Release;
		};
		34F6CED323B77C40004019F7 /* Debug */ = {
			isa = XCBuildConfiguration;
			baseConfigurationReference = AE4DE82C3B69E6559F1145D6 /* Pods-ClimaNjaro.debug.xcconfig */;
			buildSettings = {
				ASSETCATALOG_COMPILER_APPICON_NAME = AppIcon;
				CODE_SIGN_STYLE = Automatic;
				DEVELOPMENT_TEAM = M9437KP6T5;
				INFOPLIST_FILE = "$(SRCROOT)/ClimaNjaro/Supporting Files/Info.plist";
				LD_RUNPATH_SEARCH_PATHS = (
					"$(inherited)",
					"@executable_path/Frameworks",
				);
				PRODUCT_BUNDLE_IDENTIFIER = com.husamettin.ClimaNjaro;
				PRODUCT_NAME = "$(TARGET_NAME)";
				SWIFT_VERSION = 5.0;
				TARGETED_DEVICE_FAMILY = "1,2";
			};
			name = Debug;
		};
		34F6CED423B77C40004019F7 /* Release */ = {
			isa = XCBuildConfiguration;
			baseConfigurationReference = D55F62F3E983486BB4798348 /* Pods-ClimaNjaro.release.xcconfig */;
			buildSettings = {
				ASSETCATALOG_COMPILER_APPICON_NAME = AppIcon;
				CODE_SIGN_STYLE = Automatic;
				DEVELOPMENT_TEAM = M9437KP6T5;
				INFOPLIST_FILE = "$(SRCROOT)/ClimaNjaro/Supporting Files/Info.plist";
				LD_RUNPATH_SEARCH_PATHS = (
					"$(inherited)",
					"@executable_path/Frameworks",
				);
				PRODUCT_BUNDLE_IDENTIFIER = com.husamettin.ClimaNjaro;
				PRODUCT_NAME = "$(TARGET_NAME)";
				SWIFT_VERSION = 5.0;
				TARGETED_DEVICE_FAMILY = "1,2";
			};
			name = Release;
		};
/* End XCBuildConfiguration section */

/* Begin XCConfigurationList section */
		34F6CEBB23B77C3F004019F7 /* Build configuration list for PBXProject "ClimaNjaro" */ = {
			isa = XCConfigurationList;
			buildConfigurations = (
				34F6CED023B77C40004019F7 /* Debug */,
				34F6CED123B77C40004019F7 /* Release */,
			);
			defaultConfigurationIsVisible = 0;
			defaultConfigurationName = Release;
		};
		34F6CED223B77C40004019F7 /* Build configuration list for PBXNativeTarget "ClimaNjaro" */ = {
			isa = XCConfigurationList;
			buildConfigurations = (
				34F6CED323B77C40004019F7 /* Debug */,
				34F6CED423B77C40004019F7 /* Release */,
			);
			defaultConfigurationIsVisible = 0;
			defaultConfigurationName = Release;
		};
/* End XCConfigurationList section */
	};
	rootObject = 34F6CEB823B77C3F004019F7 /* Project object */;
}
